
Microsoft Visual Studio Solution File, Format Version 12.00
# Visual Studio Version 17
VisualStudioVersion = 17.4.33213.308
MinimumVisualStudioVersion = 10.0.40219.1
Project("{9A19103F-16F7-4668-BE54-9A1E7A4F7556}") = "ClipShare(Youtube)", "ClipShare(Youtube)\ClipShare(Youtube).csproj", "{918CE49B-B122-4237-B347-0F26B304F1A1}"
EndProject
Project("{9A19103F-16F7-4668-BE54-9A1E7A4F7556}") = "DataAccess", "DataAccess\DataAccess.csproj", "{03CD3537-713D-4FF6-8C12-6DD2FB9996C7}"
EndProject
Global
	GlobalSection(SolutionConfigurationPlatforms) = preSolution
		Debug|Any CPU = Debug|Any CPU
		Release|Any CPU = Release|Any CPU
	EndGlobalSection
	GlobalSection(ProjectConfigurationPlatforms) = postSolution
		{918CE49B-B122-4237-B347-0F26B304F1A1}.Debug|Any CPU.ActiveCfg = Debug|Any CPU
		{918CE49B-B122-4237-B347-0F26B304F1A1}.Debug|Any CPU.Build.0 = Debug|Any CPU
		{918CE49B-B122-4237-B347-0F26B304F1A1}.Release|Any CPU.ActiveCfg = Release|Any CPU
		{918CE49B-B122-4237-B347-0F26B304F1A1}.Release|Any CPU.Build.0 = Release|Any CPU
		{03CD3537-713D-4FF6-8C12-6DD2FB9996C7}.Debug|Any CPU.ActiveCfg = Debug|Any CPU
		{03CD3537-713D-4FF6-8C12-6DD2FB9996C7}.Debug|Any CPU.Build.0 = Debug|Any CPU
		{03CD3537-713D-4FF6-8C12-6DD2FB9996C7}.Release|Any CPU.ActiveCfg = Release|Any CPU
		{03CD3537-713D-4FF6-8C12-6DD2FB9996C7}.Release|Any CPU.Build.0 = Release|Any CPU
	EndGlobalSection
	GlobalSection(SolutionProperties) = preSolution
		HideSolutionNode = FALSE
	EndGlobalSection
	GlobalSection(ExtensibilityGlobals) = postSolution
		SolutionGuid = {1A60FD67-AB2E-4772-9981-63A4A1FB9B45}
	EndGlobalSection
EndGlobal
